{
  "name": "idbfpsdemo",
  "version": "1.0.0",
  "lockfileVersion": 2,
  "requires": true,
  "packages": {
    "": {
      "name": "idbfpsdemo",
      "version": "1.0.0",
      "license": "ISC",
      "dependencies": {
        "minicap": "^0.1.0"
      }
    },
    "node_modules/minicap": {
      "version": "0.1.0",
      "resolved": "https://registry.npmjs.org/minicap/-/minicap-0.1.0.tgz",
      "integrity": "sha512-cHg+yvN2hBrlpMLyra+fjxQF3B5fJCJvwyOJi/jxc4b046ThuHSqiPlOHzOjjku+WiOwDvkUpgnL8LNzFNVH6w=="
    }
  },
  "dependencies": {
    "minicap": {
      "version": "0.1.0",
      "resolved": "https://registry.npmjs.org/minicap/-/minicap-0.1.0.tgz",
      "integrity": "sha512-cHg+yvN2hBrlpMLyra+fjxQF3B5fJCJvwyOJi/jxc4b046ThuHSqiPlOHzOjjku+WiOwDvkUpgnL8LNzFNVH6w=="
    }
  }
}
